
Microsoft Visual Studio Solution File, Format Version 12.00
Project("{FAE04EC0-301F-11D3-BF4B-00C04F79EFBC}") = "Playground.Benchmark", "Playground.Benchmark\Playground.Benchmark.csproj", "{02D3B909-2404-41DC-A1C6-6D612F501265}"
EndProject
Project("{FAE04EC0-301F-11D3-BF4B-00C04F79EFBC}") = "Playground.LoadTest", "Playground.LoadTest\Playground.LoadTest.csproj", "{F4865063-E27F-4F36-ABA2-C68770AC7246}"
EndProject
Project("{FAE04EC0-301F-11D3-BF4B-00C04F79EFBC}") = "Playground.TestApi", "Playground.TestApi\Playground.TestApi.csproj", "{FA9A25E6-249C-4BCB-ADB2-C83C53010308}"
EndProject
Global
	GlobalSection(SolutionConfigurationPlatforms) = preSolution
		Debug|Any CPU = Debug|Any CPU
		Release|Any CPU = Release|Any CPU
	EndGlobalSection
	GlobalSection(ProjectConfigurationPlatforms) = postSolution
		{02D3B909-2404-41DC-A1C6-6D612F501265}.Debug|Any CPU.ActiveCfg = Debug|Any CPU
		{02D3B909-2404-41DC-A1C6-6D612F501265}.Debug|Any CPU.Build.0 = Debug|Any CPU
		{02D3B909-2404-41DC-A1C6-6D612F501265}.Release|Any CPU.ActiveCfg = Release|Any CPU
		{02D3B909-2404-41DC-A1C6-6D612F501265}.Release|Any CPU.Build.0 = Release|Any CPU
		{F4865063-E27F-4F36-ABA2-C68770AC7246}.Debug|Any CPU.ActiveCfg = Debug|Any CPU
		{F4865063-E27F-4F36-ABA2-C68770AC7246}.Debug|Any CPU.Build.0 = Debug|Any CPU
		{F4865063-E27F-4F36-ABA2-C68770AC7246}.Release|Any CPU.ActiveCfg = Release|Any CPU
		{F4865063-E27F-4F36-ABA2-C68770AC7246}.Release|Any CPU.Build.0 = Release|Any CPU
		{FA9A25E6-249C-4BCB-ADB2-C83C53010308}.Debug|Any CPU.ActiveCfg = Debug|Any CPU
		{FA9A25E6-249C-4BCB-ADB2-C83C53010308}.Debug|Any CPU.Build.0 = Debug|Any CPU
		{FA9A25E6-249C-4BCB-ADB2-C83C53010308}.Release|Any CPU.ActiveCfg = Release|Any CPU
		{FA9A25E6-249C-4BCB-ADB2-C83C53010308}.Release|Any CPU.Build.0 = Release|Any CPU
	EndGlobalSection
EndGlobal
